
Microsoft Visual Studio Solution File, Format Version 12.00
# Visual Studio Version 17
VisualStudioVersion = 17.1.32421.90
MinimumVisualStudioVersion = 10.0.40219.1
Project("{9A19103F-16F7-4668-BE54-9A1E7A4F7556}") = "Greeniverse", "Greeniverse.csproj", "{E9FF2008-2009-4905-ABB6-880ACABA5092}"
EndProject
Project("{9A19103F-16F7-4668-BE54-9A1E7A4F7556}") = "TestEnvironment", "..\TestEnvironment\TestEnvironment.csproj", "{D303B0B1-7343-4399-80FD-988CFA83414D}"
EndProject
Global
	GlobalSection(SolutionConfigurationPlatforms) = preSolution
		Debug|Any CPU = Debug|Any CPU
		Release|Any CPU = Release|Any CPU
	EndGlobalSection
	GlobalSection(ProjectConfigurationPlatforms) = postSolution
		{E9FF2008-2009-4905-ABB6-880ACABA5092}.Debug|Any CPU.ActiveCfg = Debug|Any CPU
		{E9FF2008-2009-4905-ABB6-880ACABA5092}.Debug|Any CPU.Build.0 = Debug|Any CPU
		{E9FF2008-2009-4905-ABB6-880ACABA5092}.Release|Any CPU.ActiveCfg = Release|Any CPU
		{E9FF2008-2009-4905-ABB6-880ACABA5092}.Release|Any CPU.Build.0 = Release|Any CPU
		{D303B0B1-7343-4399-80FD-988CFA83414D}.Debug|Any CPU.ActiveCfg = Debug|Any CPU
		{D303B0B1-7343-4399-80FD-988CFA83414D}.Debug|Any CPU.Build.0 = Debug|Any CPU
		{D303B0B1-7343-4399-80FD-988CFA83414D}.Release|Any CPU.ActiveCfg = Release|Any CPU
		{D303B0B1-7343-4399-80FD-988CFA83414D}.Release|Any CPU.Build.0 = Release|Any CPU
	EndGlobalSection
	GlobalSection(SolutionProperties) = preSolution
		HideSolutionNode = FALSE
	EndGlobalSection
	GlobalSection(ExtensibilityGlobals) = postSolution
		SolutionGuid = {6D9DF7FA-565E-4899-B045-972C7E24659A}
	EndGlobalSection
EndGlobal
